# @generated - this file is auto-generated by `mise lock` https://mise.en.dev/dev-tools/mise-lock.html

[[tools.node]]
version = "25.2.1"
backend = "core:node"

[tools.node."platforms.linux-arm64"]
checksum = "sha256:905238a17be9ae62c16e596019268d8ca9f0fc3142602a1f860dc4a7c1ddbf82"
url = "https://nodejs.org/dist/v25.2.1/node-v25.2.1-linux-arm64.tar.gz"

[tools.node."platforms.linux-arm64-musl"]
checksum = "sha256:3137ad833b26bcbe95f3179314fb05f1c13506f647ae7f5665488e2bdd6cc23b"
url = "https://unofficial-builds.nodejs.org/download/release/v25.2.1/node-v25.2.1-linux-arm64-musl.tar.gz"

[tools.node."platforms.linux-x64"]
checksum = "sha256:2094ecdc844ea11e9777cac42672b0d89cd63d27204193a587dc5a2d276bb940"
url = "https://nodejs.org/dist/v25.2.1/node-v25.2.1-linux-x64.tar.gz"

[tools.node."platforms.linux-x64-musl"]
checksum = "sha256:96fd0576bfcd06e317d9221f386027d130d4b619ff2c2de4c1d210dab2555c68"
url = "https://unofficial-builds.nodejs.org/download/release/v25.2.1/node-v25.2.1-linux-x64-musl.tar.gz"

[tools.node."platforms.macos-arm64"]
checksum = "sha256:be87e21bd235a451fad02c89e5bf7cb17e206e4cd89dd5664f20d19e7dfde6f9"
url = "https://nodejs.org/dist/v25.2.1/node-v25.2.1-darwin-arm64.tar.gz"

[tools.node."platforms.macos-x64"]
checksum = "sha256:c266da5a9075a56e1aa02460ce8df96fca9e796c388abe94a8df4949945df6b6"
url = "https://nodejs.org/dist/v25.2.1/node-v25.2.1-darwin-x64.tar.gz"

[tools.node."platforms.windows-x64"]
checksum = "sha256:f97ba75ead7720652f3925d9cf8661e083a28c6b98ea77acc83903d77a9dd688"
url = "https://nodejs.org/dist/v25.2.1/node-v25.2.1-win-x64.zip"

[[tools.pnpm]]
version = "11.3.0"
backend = "aqua:pnpm/pnpm"

[tools.pnpm."platforms.linux-arm64"]
checksum = "sha256:383f644f50667e9c1752791173d274ba414117262b09c1b027c2d297bf520662"
url = "https://github.com/pnpm/pnpm/releases/download/v11.3.0/pnpm-linux-arm64.tar.gz"
provenance = "github-attestations"

[tools.pnpm."platforms.linux-arm64-musl"]
checksum = "sha256:b489128f5e9a6ef56c1c5ff02c03118635bef7726ef9bb2d44e0ccd16d191883"
url = "https://github.com/pnpm/pnpm/releases/download/v11.3.0/pnpm-linux-arm64-musl.tar.gz"
provenance = "github-attestations"

[tools.pnpm."platforms.linux-x64"]
checksum = "sha256:6eb506b53297eb1186ba0cbff1577bb26d17713835a01a5342dcafae550827ce"
url = "https://github.com/pnpm/pnpm/releases/download/v11.3.0/pnpm-linux-x64.tar.gz"
provenance = "github-attestations"

[tools.pnpm."platforms.linux-x64-musl"]
checksum = "sha256:d728c510e04ac218091ce5dc591b28706bb154a14bd9741a146a0defd3ad466b"
url = "https://github.com/pnpm/pnpm/releases/download/v11.3.0/pnpm-linux-x64-musl.tar.gz"
provenance = "github-attestations"

[tools.pnpm."platforms.macos-arm64"]
checksum = "sha256:788958f77b44d7ac05f05f08ccdd520f1b2253d834df2a5eb0cf5ab9b84d40f6"
url = "https://github.com/pnpm/pnpm/releases/download/v11.3.0/pnpm-darwin-arm64.tar.gz"
provenance = "github-attestations"

[tools.pnpm."platforms.windows-x64"]
checksum = "sha256:1264caa0dcad06849cfd04b939f19a64c5349d5dd49f14dadbc06703c6e42653"
url = "https://github.com/pnpm/pnpm/releases/download/v11.3.0/pnpm-win32-x64.zip"
provenance = "github-attestations"
