# @generated - this file is auto-generated by `mise lock` https://mise.en.dev/dev-tools/mise-lock.html

[[tools.node]]
version = "25.2.1"
backend = "core:node"

[tools.node."platforms.linux-arm64"]
checksum = "sha256:905238a17be9ae62c16e596019268d8ca9f0fc3142602a1f860dc4a7c1ddbf82"
url = "https://nodejs.org/dist/v25.2.1/node-v25.2.1-linux-arm64.tar.gz"

[tools.node."platforms.linux-arm64-musl"]
checksum = "sha256:3137ad833b26bcbe95f3179314fb05f1c13506f647ae7f5665488e2bdd6cc23b"
url = "https://unofficial-builds.nodejs.org/download/release/v25.2.1/node-v25.2.1-linux-arm64-musl.tar.gz"

[tools.node."platforms.linux-x64"]
checksum = "sha256:2094ecdc844ea11e9777cac42672b0d89cd63d27204193a587dc5a2d276bb940"
url = "https://nodejs.org/dist/v25.2.1/node-v25.2.1-linux-x64.tar.gz"

[tools.node."platforms.linux-x64-musl"]
checksum = "sha256:96fd0576bfcd06e317d9221f386027d130d4b619ff2c2de4c1d210dab2555c68"
url = "https://unofficial-builds.nodejs.org/download/release/v25.2.1/node-v25.2.1-linux-x64-musl.tar.gz"

[tools.node."platforms.macos-arm64"]
checksum = "sha256:be87e21bd235a451fad02c89e5bf7cb17e206e4cd89dd5664f20d19e7dfde6f9"
url = "https://nodejs.org/dist/v25.2.1/node-v25.2.1-darwin-arm64.tar.gz"

[tools.node."platforms.macos-x64"]
checksum = "sha256:c266da5a9075a56e1aa02460ce8df96fca9e796c388abe94a8df4949945df6b6"
url = "https://nodejs.org/dist/v25.2.1/node-v25.2.1-darwin-x64.tar.gz"

[tools.node."platforms.windows-x64"]
checksum = "sha256:f97ba75ead7720652f3925d9cf8661e083a28c6b98ea77acc83903d77a9dd688"
url = "https://nodejs.org/dist/v25.2.1/node-v25.2.1-win-x64.zip"

[[tools.pnpm]]
version = "11.5.1"
backend = "aqua:pnpm/pnpm"

[tools.pnpm."platforms.linux-arm64"]
checksum = "sha256:6f1e9d36d12a84aafddbbd024f9e98104aa701c888f05f7df5f4149e2fe87479"
url = "https://github.com/pnpm/pnpm/releases/download/v11.5.1/pnpm-linux-arm64.tar.gz"
provenance = "github-attestations"

[tools.pnpm."platforms.linux-arm64-musl"]
checksum = "sha256:24af7c258d77dd3af077be7775a67d462097864443b5bd48b93baf11c5bfe500"
url = "https://github.com/pnpm/pnpm/releases/download/v11.5.1/pnpm-linux-arm64-musl.tar.gz"
provenance = "github-attestations"

[tools.pnpm."platforms.linux-x64"]
checksum = "sha256:5cebc2fa002cabc2008075148427e1aa7baaa7df17dd9f5226e2b1b401e83583"
url = "https://github.com/pnpm/pnpm/releases/download/v11.5.1/pnpm-linux-x64.tar.gz"
provenance = "github-attestations"

[tools.pnpm."platforms.linux-x64-musl"]
checksum = "sha256:103e77f25422802a89c6206a09466b05042e9f8e40921db177550944abc7882c"
url = "https://github.com/pnpm/pnpm/releases/download/v11.5.1/pnpm-linux-x64-musl.tar.gz"
provenance = "github-attestations"

[tools.pnpm."platforms.macos-arm64"]
checksum = "sha256:6533dc62f42eafc1965ef3170fb0bf750ae5c3064d0fd9bcc50bc72c5b95e4c2"
url = "https://github.com/pnpm/pnpm/releases/download/v11.5.1/pnpm-darwin-arm64.tar.gz"
provenance = "github-attestations"

[tools.pnpm."platforms.windows-x64"]
checksum = "sha256:776efb770783a262d3de71ee0001460845e8b0ccb9c1a6ceba005fa47dc2d90b"
url = "https://github.com/pnpm/pnpm/releases/download/v11.5.1/pnpm-win32-x64.zip"
provenance = "github-attestations"
